<?xml version="1.0" encoding="UTF-8"?>
<CONFIG>
  <ProjectOptions>
    <Version Value="12"/>
    <General>
      <SessionStorage Value="InProjectDir"/>
      <Title Value="KLConvert"/>
      <Scaled Value="True"/>
      <ResourceType Value="res"/>
      <XPManifest>
        <DpiAware Value="True"/>
      </XPManifest>
      <Icon Value="0"/>
      <Resources Count="7">
        <Resource_0 FileName="res/icons/klconvert3.2-color.ico" Type="ICON" ResourceName="TRAYICON-COLOR"/>
        <Resource_1 FileName="res/icons/klconvert3.2-dark.ico" Type="ICON" ResourceName="TRAYICON-DARK"/>
        <Resource_2 FileName="res/icons/klconvert3.2-dark2.ico" Type="ICON" ResourceName="TRAYICON-DARK2"/>
        <Resource_3 FileName="res/icons/klconvert3.2-grey.ico" Type="ICON" ResourceName="TRAYICON-GREY"/>
        <Resource_4 FileName="res/icons/klconvert3.2-light.ico" Type="ICON" ResourceName="TRAYICON-LIGHT"/>
        <Resource_5 FileName="locale/klconvert.ru.po" Type="RCDATA" ResourceName="LOCALE-RU"/>
        <Resource_6 FileName="locale/klconvert.en.po" Type="RCDATA" ResourceName="LOCALE-EN"/>
      </Resources>
    </General>
    <i18n>
      <EnableI18N Value="True"/>
      <OutDir Value="locale"/>
    </i18n>
    <VersionInfo>
      <UseVersionInfo Value="True"/>
      <AutoIncrementBuild Value="True"/>
      <MinorVersionNr Value="5"/>
      <BuildNr Value="509"/>
    </VersionInfo>
    <MacroValues Count="1">
      <Macro3 Name="LCLWidgetType" Value="gtk2"/>
    </MacroValues>
    <BuildModes>
      <Item Name="Default" Default="True"/>
      <Item Name="Win64-test">
        <CompilerOptions>
          <Version Value="11"/>
          <Target>
            <Filename Value="bin/klconvert"/>
          </Target>
          <SearchPaths>
            <IncludeFiles Value="$(ProjOutDir)"/>
            <OtherUnitFiles Value="src"/>
            <UnitOutputDirectory Value="lib/$(TargetCPU)-$(TargetOS)"/>
          </SearchPaths>
          <CodeGeneration>
            <TargetCPU Value="x86_64"/>
            <TargetOS Value="darwin"/>
          </CodeGeneration>
          <Linking>
            <Debugging>
              <DebugInfoType Value="dsDwarf3"/>
            </Debugging>
            <Options>
              <Win32>
                <GraphicApplication Value="True"/>
              </Win32>
            </Options>
          </Linking>
        </CompilerOptions>
      </Item>
      <Item Name="Linux-gtk3">
        <MacroValues Count="1">
          <Macro4 Name="LCLWidgetType" Value="gtk3"/>
        </MacroValues>
        <CompilerOptions>
          <Version Value="11"/>
          <Target>
            <Filename Value="bin/klconvert-$(LCLWidgetType)"/>
          </Target>
          <SearchPaths>
            <IncludeFiles Value="$(ProjOutDir)"/>
            <OtherUnitFiles Value="src"/>
            <UnitOutputDirectory Value="lib/$(TargetCPU)-$(TargetOS)-$(LCLWidgetType)"/>
          </SearchPaths>
          <Linking>
            <Debugging>
              <DebugInfoType Value="dsDwarf3"/>
              <UseHeaptrc Value="True"/>
            </Debugging>
            <Options>
              <Win32>
                <GraphicApplication Value="True"/>
              </Win32>
            </Options>
          </Linking>
          <Other>
            <CompilerMessages>
              <IgnoredMessages idx5024="True"/>
            </CompilerMessages>
            <CustomOptions Value="-dDebug"/>
            <OtherDefines Count="1">
              <Define0 Value="Debug"/>
            </OtherDefines>
          </Other>
        </CompilerOptions>
      </Item>
      <Item Name="Linux-qt5">
        <MacroValues Count="1">
          <Macro2 Name="LCLWidgetType" Value="qt5"/>
        </MacroValues>
        <CompilerOptions>
          <Version Value="11"/>
          <Target>
            <Filename Value="bin/klconvert-$(LCLWidgetType)"/>
          </Target>
          <SearchPaths>
            <IncludeFiles Value="$(ProjOutDir)"/>
            <OtherUnitFiles Value="src"/>
            <UnitOutputDirectory Value="lib/$(TargetCPU)-$(TargetOS)-$(LCLWidgetType)"/>
          </SearchPaths>
          <Linking>
            <Debugging>
              <DebugInfoType Value="dsDwarf3"/>
              <UseHeaptrc Value="True"/>
            </Debugging>
            <Options>
              <Win32>
                <GraphicApplication Value="True"/>
              </Win32>
            </Options>
          </Linking>
          <Other>
            <CustomOptions Value="-dDebug"/>
            <OtherDefines Count="1">
              <Define0 Value="Debug"/>
            </OtherDefines>
          </Other>
        </CompilerOptions>
      </Item>
      <Item Name="Linux-qt6">
        <MacroValues Count="1">
          <Macro1 Name="LCLWidgetType" Value="qt6"/>
        </MacroValues>
        <CompilerOptions>
          <Version Value="11"/>
          <Target>
            <Filename Value="bin/klconvert-$(LCLWidgetType)"/>
          </Target>
          <SearchPaths>
            <IncludeFiles Value="$(ProjOutDir)"/>
            <OtherUnitFiles Value="src"/>
            <UnitOutputDirectory Value="lib/$(TargetCPU)-$(TargetOS)-$(LCLWidgetType)"/>
          </SearchPaths>
          <Linking>
            <Debugging>
              <DebugInfoType Value="dsDwarf3"/>
              <UseHeaptrc Value="True"/>
            </Debugging>
            <Options>
              <Win32>
                <GraphicApplication Value="True"/>
              </Win32>
            </Options>
          </Linking>
          <Other>
            <CustomOptions Value="-dDebug"/>
            <OtherDefines Count="1">
              <Define0 Value="Debug"/>
            </OtherDefines>
          </Other>
        </CompilerOptions>
      </Item>
      <Item Name="Debug">
        <CompilerOptions>
          <Version Value="11"/>
          <Target>
            <Filename Value="bin/klconvert"/>
          </Target>
          <SearchPaths>
            <IncludeFiles Value="$(ProjOutDir)"/>
            <OtherUnitFiles Value="src"/>
            <UnitOutputDirectory Value="lib/$(TargetCPU)-$(TargetOS)-$(LCLWidgetType)"/>
          </SearchPaths>
          <Parsing>
            <SyntaxOptions>
              <IncludeAssertionCode Value="True"/>
            </SyntaxOptions>
          </Parsing>
          <CodeGeneration>
            <Checks>
              <IOChecks Value="True"/>
              <RangeChecks Value="True"/>
              <OverflowChecks Value="True"/>
              <StackChecks Value="True"/>
            </Checks>
            <VerifyObjMethodCallValidity Value="True"/>
          </CodeGeneration>
          <Linking>
            <Debugging>
              <DebugInfoType Value="dsDwarf3"/>
              <UseHeaptrc Value="True"/>
              <TrashVariables Value="True"/>
            </Debugging>
            <Options>
              <Win32>
                <GraphicApplication Value="True"/>
              </Win32>
            </Options>
          </Linking>
          <Other>
            <Verbosity>
              <ShowLineNum Value="True"/>
            </Verbosity>
            <CompilerMessages>
              <IgnoredMessages idx5024="True"/>
            </CompilerMessages>
            <CustomOptions Value="-dDebug"/>
            <OtherDefines Count="1">
              <Define0 Value="Debug"/>
            </OtherDefines>
          </Other>
        </CompilerOptions>
      </Item>
      <Item Name="Release-gtk2">
        <CompilerOptions>
          <Version Value="11"/>
          <Target>
            <Filename Value="bin/release/klconvert-$(LCLWidgetType)"/>
          </Target>
          <SearchPaths>
            <IncludeFiles Value="$(ProjOutDir)"/>
            <OtherUnitFiles Value="src"/>
            <UnitOutputDirectory Value="lib/$(TargetCPU)-$(TargetOS)-$(LCLWidgetType)"/>
          </SearchPaths>
          <CodeGeneration>
            <SmartLinkUnit Value="True"/>
            <Optimizations>
              <OptimizationLevel Value="3"/>
            </Optimizations>
          </CodeGeneration>
          <Linking>
            <Debugging>
              <GenerateDebugInfo Value="False"/>
              <RunWithoutDebug Value="True"/>
              <StripSymbols Value="True"/>
            </Debugging>
            <LinkSmart Value="True"/>
            <Options>
              <Win32>
                <GraphicApplication Value="True"/>
              </Win32>
            </Options>
          </Linking>
          <Other>
            <Verbosity>
              <ShowLineNum Value="True"/>
            </Verbosity>
            <CompilerMessages>
              <IgnoredMessages idx5024="True"/>
            </CompilerMessages>
            <OtherDefines Count="1">
              <Define0 Value="Debug"/>
            </OtherDefines>
          </Other>
        </CompilerOptions>
      </Item>
      <Item Name="LocaleUpdate">
        <CompilerOptions>
          <Version Value="11"/>
          <Target>
            <Filename Value="bin/klconvert"/>
          </Target>
          <SearchPaths>
            <IncludeFiles Value="$(ProjOutDir)"/>
            <OtherUnitFiles Value="src"/>
            <UnitOutputDirectory Value="lib/$(TargetCPU)-$(TargetOS)-$(LCLWidgetType)"/>
          </SearchPaths>
          <CodeGeneration>
            <Optimizations>
              <OptimizationLevel Value="0"/>
            </Optimizations>
          </CodeGeneration>
          <Linking>
            <Debugging>
              <DebugInfoType Value="dsDwarf3"/>
              <UseHeaptrc Value="True"/>
            </Debugging>
            <Options>
              <Win32>
                <GraphicApplication Value="True"/>
              </Win32>
            </Options>
          </Linking>
          <Other>
            <Verbosity>
              <ShowLineNum Value="True"/>
            </Verbosity>
            <CompilerMessages>
              <IgnoredMessages idx5024="True"/>
            </CompilerMessages>
            <CustomOptions Value="-dDebug"/>
            <OtherDefines Count="1">
              <Define0 Value="Debug"/>
            </OtherDefines>
          </Other>
        </CompilerOptions>
      </Item>
      <SharedMatrixOptions Count="5">
        <Item1 ID="911486593932" Modes="Linux-qt6" Type="IDEMacro" MacroName="LCLWidgetType" Value="qt6"/>
        <Item2 ID="952649332936" Modes="Linux-qt5" Type="IDEMacro" MacroName="LCLWidgetType" Value="qt5"/>
        <Item3 ID="021155206395" Modes="Default" Type="IDEMacro" MacroName="LCLWidgetType" Value="gtk2"/>
        <Item4 ID="740598154065" Modes="Linux-gtk3" Type="IDEMacro" MacroName="LCLWidgetType" Value="gtk3"/>
        <Item5 ID="370334099670" Type="IDEMacro" MacroName="LCLWidgetType" Value="win32"/>
      </SharedMatrixOptions>
    </BuildModes>
    <PublishOptions>
      <Version Value="2"/>
      <UseFileFilters Value="True"/>
    </PublishOptions>
    <RunParams>
      <FormatVersion Value="2"/>
    </RunParams>
    <RequiredPackages>
      <Item>
        <PackageName Value="laz.virtualtreeview_package"/>
      </Item>
      <Item>
        <PackageName Value="LazGlobalHotKey"/>
      </Item>
      <Item>
        <PackageName Value="LazControls"/>
      </Item>
      <Item>
        <PackageName Value="LazControlDsgn"/>
      </Item>
      <Item>
        <PackageName Value="LCL"/>
      </Item>
    </RequiredPackages>
    <Units>
      <Unit>
        <Filename Value="klconvert.lpr"/>
        <IsPartOfProject Value="True"/>
      </Unit>
      <Unit>
        <Filename Value="src/unitklctype.pas"/>
        <IsPartOfProject Value="True"/>
        <UnitName Value="UnitKLCType"/>
      </Unit>
      <Unit>
        <Filename Value="src/unitconverttatarenglish.pas"/>
        <IsPartOfProject Value="True"/>
      </Unit>
      <Unit>
        <Filename Value="src/unitconvertgreekenglish.pas"/>
        <IsPartOfProject Value="True"/>
      </Unit>
      <Unit>
        <Filename Value="src/unitconvertbulgarianenglish.pas"/>
        <IsPartOfProject Value="True"/>
      </Unit>
      <Unit>
        <Filename Value="src/unitconvertrussianenglish.pas"/>
        <IsPartOfProject Value="True"/>
      </Unit>
      <Unit>
        <Filename Value="src/unitconvert.pas"/>
        <IsPartOfProject Value="True"/>
      </Unit>
      <Unit>
        <Filename Value="src/unitprocessfunctions.pas"/>
        <IsPartOfProject Value="True"/>
      </Unit>
      <Unit>
        <Filename Value="src/unitsettings.pas"/>
        <IsPartOfProject Value="True"/>
      </Unit>
      <Unit>
        <Filename Value="src/unitinifileex.pas"/>
        <IsPartOfProject Value="True"/>
      </Unit>
      <Unit>
        <Filename Value="src/unitxkeyinput.pas"/>
        <IsPartOfProject Value="True"/>
      </Unit>
      <Unit>
        <Filename Value="src/unitclipboard.pas"/>
        <IsPartOfProject Value="True"/>
      </Unit>
      <Unit>
        <Filename Value="src/formsettings.pas"/>
        <IsPartOfProject Value="True"/>
        <ComponentName Value="frmSettings"/>
        <HasResources Value="True"/>
        <ResourceBaseClass Value="Form"/>
        <ResourceBaseClassname Value=""/>
      </Unit>
      <Unit>
        <Filename Value="src/formmain.pas"/>
        <IsPartOfProject Value="True"/>
        <ComponentName Value="frmMain"/>
        <HasResources Value="True"/>
        <ResourceBaseClass Value="Form"/>
        <ResourceBaseClassname Value=""/>
      </Unit>
    </Units>
  </ProjectOptions>
  <CompilerOptions>
    <Version Value="11"/>
    <Target>
      <Filename Value="bin/klconvert-$(LCLWidgetType)"/>
    </Target>
    <SearchPaths>
      <IncludeFiles Value="$(ProjOutDir)"/>
      <OtherUnitFiles Value="src"/>
      <UnitOutputDirectory Value="lib/$(TargetCPU)-$(TargetOS)-$(LCLWidgetType)"/>
    </SearchPaths>
    <CodeGeneration>
      <Optimizations>
        <OptimizationLevel Value="0"/>
      </Optimizations>
    </CodeGeneration>
    <Linking>
      <Debugging>
        <DebugInfoType Value="dsDwarf3"/>
        <UseHeaptrc Value="True"/>
      </Debugging>
      <Options>
        <Win32>
          <GraphicApplication Value="True"/>
        </Win32>
      </Options>
    </Linking>
    <Other>
      <Verbosity>
        <ShowLineNum Value="True"/>
      </Verbosity>
      <CompilerMessages>
        <IgnoredMessages idx5024="True"/>
      </CompilerMessages>
      <CustomOptions Value="-dDebug"/>
      <OtherDefines Count="1">
        <Define0 Value="Debug"/>
      </OtherDefines>
    </Other>
  </CompilerOptions>
  <Debugging>
    <Exceptions>
      <Item>
        <Name Value="EAbort"/>
      </Item>
      <Item>
        <Name Value="ECodetoolError"/>
      </Item>
      <Item>
        <Name Value="EFOpenError"/>
      </Item>
    </Exceptions>
  </Debugging>
</CONFIG>
